
Microsoft Visual Studio Solution File, Format Version 12.00
# Visual Studio Version 17
VisualStudioVersion = 17.9.34723.18
MinimumVisualStudioVersion = 10.0.40219.1
Project("{FAE04EC0-301F-11D3-BF4B-00C04F79EFBC}") = "MyBanker", "MyBanker\MyBanker.csproj", "{EA5CAAC3-2D57-42FE-805B-34AA881787D8}"
EndProject
Global
	GlobalSection(SolutionConfigurationPlatforms) = preSolution
		Debug|Any CPU = Debug|Any CPU
		Release|Any CPU = Release|Any CPU
	EndGlobalSection
	GlobalSection(ProjectConfigurationPlatforms) = postSolution
		{EA5CAAC3-2D57-42FE-805B-34AA881787D8}.Debug|Any CPU.ActiveCfg = Debug|Any CPU
		{EA5CAAC3-2D57-42FE-805B-34AA881787D8}.Debug|Any CPU.Build.0 = Debug|Any CPU
		{EA5CAAC3-2D57-42FE-805B-34AA881787D8}.Release|Any CPU.ActiveCfg = Release|Any CPU
		{EA5CAAC3-2D57-42FE-805B-34AA881787D8}.Release|Any CPU.Build.0 = Release|Any CPU
	EndGlobalSection
	GlobalSection(SolutionProperties) = preSolution
		HideSolutionNode = FALSE
	EndGlobalSection
	GlobalSection(ExtensibilityGlobals) = postSolution
		SolutionGuid = {D273487B-08A7-46CC-B0CA-DF00279AD4EC}
	EndGlobalSection
EndGlobal
